
Microsoft Visual Studio Solution File, Format Version 12.00
# Visual Studio Version 16
VisualStudioVersion = 16.0.31624.102
MinimumVisualStudioVersion = 10.0.40219.1
Project("{FAE04EC0-301F-11D3-BF4B-00C04F79EFBC}") = "calculator ver 2", "calculator ver 2.csproj", "{2968CF51-2FF4-43CF-B9D5-34207860C4AE}"
EndProject
Global
	GlobalSection(SolutionConfigurationPlatforms) = preSolution
		Debug|Any CPU = Debug|Any CPU
		Release|Any CPU = Release|Any CPU
	EndGlobalSection
	GlobalSection(ProjectConfigurationPlatforms) = postSolution
		{2968CF51-2FF4-43CF-B9D5-34207860C4AE}.Debug|Any CPU.ActiveCfg = Debug|Any CPU
		{2968CF51-2FF4-43CF-B9D5-34207860C4AE}.Debug|Any CPU.Build.0 = Debug|Any CPU
		{2968CF51-2FF4-43CF-B9D5-34207860C4AE}.Release|Any CPU.ActiveCfg = Release|Any CPU
		{2968CF51-2FF4-43CF-B9D5-34207860C4AE}.Release|Any CPU.Build.0 = Release|Any CPU
	EndGlobalSection
	GlobalSection(SolutionProperties) = preSolution
		HideSolutionNode = FALSE
	EndGlobalSection
	GlobalSection(ExtensibilityGlobals) = postSolution
		SolutionGuid = {F830CB7B-8034-4278-A4FB-E75619358445}
	EndGlobalSection
EndGlobal
